// !$*UTF8*$!
{
	archiveVersion = 1;
	classes = {
	};
	objectVersion = 48;
	objects = {

/* Begin PBXBuildFile section */
		BE0403E42069205000FA09A2 /* QuoteViewController.m in Sources */ = {isa = PBXBuildFile; fileRef = BE0403E32069205000FA09A2 /* QuoteViewController.m */; };
		BE04214F2062854900A95614 /* AppDelegate.m in Sources */ = {isa = PBXBuildFile; fileRef = BE04214E2062854900A95614 /* AppDelegate.m */; };
		BE0421522062854900A95614 /* ViewController.m in Sources */ = {isa = PBXBuildFile; fileRef = BE0421512062854900A95614 /* ViewController.m */; };
		BE0421552062854900A95614 /* Main.storyboard in Resources */ = {isa = PBXBuildFile; fileRef = BE0421532062854900A95614 /* Main.storyboard */; };
		BE0421572062854900A95614 /* Assets.xcassets in Resources */ = {isa = PBXBuildFile; fileRef = BE0421562062854900A95614 /* Assets.xcassets */; };
		BE04215A2062854900A95614 /* LaunchScreen.storyboard in Resources */ = {isa = PBXBuildFile; fileRef = BE0421582062854900A95614 /* LaunchScreen.storyboard */; };
		BE04215D2062854900A95614 /* main.m in Sources */ = {isa = PBXBuildFile; fileRef = BE04215C2062854900A95614 /* main.m */; };
		BE6590772063DDCE0026BEBC /* Author.m in Sources */ = {isa = PBXBuildFile; fileRef = BE6590762063DDCE0026BEBC /* Author.m */; };
		BE65907A2063DF020026BEBC /* Quote.m in Sources */ = {isa = PBXBuildFile; fileRef = BE6590792063DF020026BEBC /* Quote.m */; };
		BE65907D2063E0AD0026BEBC /* Manager.m in Sources */ = {isa = PBXBuildFile; fileRef = BE65907C2063E0AD0026BEBC /* Manager.m */; };
		BE7E772C206546E400091E5A /* TableViewController.m in Sources */ = {isa = PBXBuildFile; fileRef = BE7E772B206546E400091E5A /* TableViewController.m */; };
		BE7E772F20654D4E00091E5A /* QuotesViewCell.m in Sources */ = {isa = PBXBuildFile; fileRef = BE7E772E20654D4E00091E5A /* QuotesViewCell.m */; };
		BEF8B0CA206A688300E6EE45 /* AuthorViewController.m in Sources */ = {isa = PBXBuildFile; fileRef = BEF8B0C9206A688300E6EE45 /* AuthorViewController.m */; };
/* End PBXBuildFile section */

/* Begin PBXFileReference section */
		BE0403E22069205000FA09A2 /* QuoteViewController.h */ = {isa = PBXFileReference; lastKnownFileType = sourcecode.c.h; path = QuoteViewController.h; sourceTree = "<group>"; };
		BE0403E32069205000FA09A2 /* QuoteViewController.m */ = {isa = PBXFileReference; lastKnownFileType = sourcecode.c.objc; path = QuoteViewController.m; sourceTree = "<group>"; };
		BE04214A2062854900A95614 /* GoodQuote.app */ = {isa = PBXFileReference; explicitFileType = wrapper.application; includeInIndex = 0; path = GoodQuote.app; sourceTree = BUILT_PRODUCTS_DIR; };
		BE04214D2062854900A95614 /* AppDelegate.h */ = {isa = PBXFileReference; lastKnownFileType = sourcecode.c.h; path = AppDelegate.h; sourceTree = "<group>"; };
		BE04214E2062854900A95614 /* AppDelegate.m */ = {isa = PBXFileReference; lastKnownFileType = sourcecode.c.objc; path = AppDelegate.m; sourceTree = "<group>"; };
		BE0421502062854900A95614 /* ViewController.h */ = {isa = PBXFileReference; lastKnownFileType = sourcecode.c.h; path = ViewController.h; sourceTree = "<group>"; };
		BE0421512062854900A95614 /* ViewController.m */ = {isa = PBXFileReference; lastKnownFileType = sourcecode.c.objc; path = ViewController.m; sourceTree = "<group>"; };
		BE0421542062854900A95614 /* Base */ = {isa = PBXFileReference; lastKnownFileType = file.storyboard; name = Base; path = Base.lproj/Main.storyboard; sourceTree = "<group>"; };
		BE0421562062854900A95614 /* Assets.xcassets */ = {isa = PBXFileReference; lastKnownFileType = folder.assetcatalog; path = Assets.xcassets; sourceTree = "<group>"; };
		BE0421592062854900A95614 /* Base */ = {isa = PBXFileReference; lastKnownFileType = file.storyboard; name = Base; path = Base.lproj/LaunchScreen.storyboard; sourceTree = "<group>"; };
		BE04215B2062854900A95614 /* Info.plist */ = {isa = PBXFileReference; lastKnownFileType = text.plist.xml; path = Info.plist; sourceTree = "<group>"; };
		BE04215C2062854900A95614 /* main.m */ = {isa = PBXFileReference; lastKnownFileType = sourcecode.c.objc; path = main.m; sourceTree = "<group>"; };
		BE6590752063DDCE0026BEBC /* Author.h */ = {isa = PBXFileReference; lastKnownFileType = sourcecode.c.h; path = Author.h; sourceTree = "<group>"; };
		BE6590762063DDCE0026BEBC /* Author.m */ = {isa = PBXFileReference; lastKnownFileType = sourcecode.c.objc; path = Author.m; sourceTree = "<group>"; };
		BE6590782063DF020026BEBC /* Quote.h */ = {isa = PBXFileReference; lastKnownFileType = sourcecode.c.h; path = Quote.h; sourceTree = "<group>"; };
		BE6590792063DF020026BEBC /* Quote.m */ = {isa = PBXFileReference; lastKnownFileType = sourcecode.c.objc; path = Quote.m; sourceTree = "<group>"; };
		BE65907B2063E0AD0026BEBC /* Manager.h */ = {isa = PBXFileReference; lastKnownFileType = sourcecode.c.h; path = Manager.h; sourceTree = "<group>"; };
		BE65907C2063E0AD0026BEBC /* Manager.m */ = {isa = PBXFileReference; lastKnownFileType = sourcecode.c.objc; path = Manager.m; sourceTree = "<group>"; };
		BE7E772A206546E400091E5A /* TableViewController.h */ = {isa = PBXFileReference; lastKnownFileType = sourcecode.c.h; path = TableViewController.h; sourceTree = "<group>"; };
		BE7E772B206546E400091E5A /* TableViewController.m */ = {isa = PBXFileReference; lastKnownFileType = sourcecode.c.objc; path = TableViewController.m; sourceTree = "<group>"; };
		BE7E772D20654D4E00091E5A /* QuotesViewCell.h */ = {isa = PBXFileReference; lastKnownFileType = sourcecode.c.h; path = QuotesViewCell.h; sourceTree = "<group>"; };
		BE7E772E20654D4E00091E5A /* QuotesViewCell.m */ = {isa = PBXFileReference; lastKnownFileType = sourcecode.c.objc; path = QuotesViewCell.m; sourceTree = "<group>"; };
		BEF8B0C8206A688300E6EE45 /* AuthorViewController.h */ = {isa = PBXFileReference; lastKnownFileType = sourcecode.c.h; path = AuthorViewController.h; sourceTree = "<group>"; };
		BEF8B0C9206A688300E6EE45 /* AuthorViewController.m */ = {isa = PBXFileReference; lastKnownFileType = sourcecode.c.objc; path = AuthorViewController.m; sourceTree = "<group>"; };
/* End PBXFileReference section */

/* Begin PBXFrameworksBuildPhase section */
		BE0421472062854900A95614 /* Frameworks */ = {
			isa = PBXFrameworksBuildPhase;
			buildActionMask = 2147483647;
			files = (
			);
			runOnlyForDeploymentPostprocessing = 0;
		};
/* End PBXFrameworksBuildPhase section */

/* Begin PBXGroup section */
		BE0421412062854900A95614 = {
			isa = PBXGroup;
			children = (
				BE04214C2062854900A95614 /* GoodQuote */,
				BE04214B2062854900A95614 /* Products */,
			);
			sourceTree = "<group>";
		};
		BE04214B2062854900A95614 /* Products */ = {
			isa = PBXGroup;
			children = (
				BE04214A2062854900A95614 /* GoodQuote.app */,
			);
			name = Products;
			sourceTree = "<group>";
		};
		BE04214C2062854900A95614 /* GoodQuote */ = {
			isa = PBXGroup;
			children = (
				BE7E772A206546E400091E5A /* TableViewController.h */,
				BE7E772B206546E400091E5A /* TableViewController.m */,
				BE0403E22069205000FA09A2 /* QuoteViewController.h */,
				BE0403E32069205000FA09A2 /* QuoteViewController.m */,
				BE0421502062854900A95614 /* ViewController.h */,
				BE0421512062854900A95614 /* ViewController.m */,
				BE0421532062854900A95614 /* Main.storyboard */,
				BE0421562062854900A95614 /* Assets.xcassets */,
				BE0421582062854900A95614 /* LaunchScreen.storyboard */,
				BE04215B2062854900A95614 /* Info.plist */,
				BE04214D2062854900A95614 /* AppDelegate.h */,
				BE04214E2062854900A95614 /* AppDelegate.m */,
				BE04215C2062854900A95614 /* main.m */,
				BE6590752063DDCE0026BEBC /* Author.h */,
				BE6590762063DDCE0026BEBC /* Author.m */,
				BE6590782063DF020026BEBC /* Quote.h */,
				BE6590792063DF020026BEBC /* Quote.m */,
				BE65907B2063E0AD0026BEBC /* Manager.h */,
				BE65907C2063E0AD0026BEBC /* Manager.m */,
				BE7E772D20654D4E00091E5A /* QuotesViewCell.h */,
				BE7E772E20654D4E00091E5A /* QuotesViewCell.m */,
				BEF8B0C8206A688300E6EE45 /* AuthorViewController.h */,
				BEF8B0C9206A688300E6EE45 /* AuthorViewController.m */,
			);
			path = GoodQuote;
			sourceTree = "<group>";
		};
/* End PBXGroup section */

/* Begin PBXNativeTarget section */
		BE0421492062854900A95614 /* GoodQuote */ = {
			isa = PBXNativeTarget;
			buildConfigurationList = BE0421602062854900A95614 /* Build configuration list for PBXNativeTarget "GoodQuote" */;
			buildPhases = (
				BE0421462062854900A95614 /* Sources */,
				BE0421472062854900A95614 /* Frameworks */,
				BE0421482062854900A95614 /* Resources */,
			);
			buildRules = (
			);
			dependencies = (
			);
			name = GoodQuote;
			productName = GoodQuote;
			productReference = BE04214A2062854900A95614 /* GoodQuote.app */;
			productType = "com.apple.product-type.application";
		};
/* End PBXNativeTarget section */

/* Begin PBXProject section */
		BE0421422062854900A95614 /* Project object */ = {
			isa = PBXProject;
			attributes = {
				LastUpgradeCheck = 0920;
				ORGANIZATIONNAME = Academy;
				TargetAttributes = {
					BE0421492062854900A95614 = {
						CreatedOnToolsVersion = 9.2;
						ProvisioningStyle = Automatic;
					};
				};
			};
			buildConfigurationList = BE0421452062854900A95614 /* Build configuration list for PBXProject "GoodQuote" */;
			compatibilityVersion = "Xcode 8.0";
			developmentRegion = en;
			hasScannedForEncodings = 0;
			knownRegions = (
				en,
				Base,
			);
			mainGroup = BE0421412062854900A95614;
			productRefGroup = BE04214B2062854900A95614 /* Products */;
			projectDirPath = "";
			projectRoot = "";
			targets = (
				BE0421492062854900A95614 /* GoodQuote */,
			);
		};
/* End PBXProject section */

/* Begin PBXResourcesBuildPhase section */
		BE0421482062854900A95614 /* Resources */ = {
			isa = PBXResourcesBuildPhase;
			buildActionMask = 2147483647;
			files = (
				BE04215A2062854900A95614 /* LaunchScreen.storyboard in Resources */,
				BE0421572062854900A95614 /* Assets.xcassets in Resources */,
				BE0421552062854900A95614 /* Main.storyboard in Resources */,
			);
			runOnlyForDeploymentPostprocessing = 0;
		};
/* End PBXResourcesBuildPhase section */

/* Begin PBXSourcesBuildPhase section */
		BE0421462062854900A95614 /* Sources */ = {
			isa = PBXSourcesBuildPhase;
			buildActionMask = 2147483647;
			files = (
				BE0421522062854900A95614 /* ViewController.m in Sources */,
				BE65907D2063E0AD0026BEBC /* Manager.m in Sources */,
				BE04215D2062854900A95614 /* main.m in Sources */,
				BE6590772063DDCE0026BEBC /* Author.m in Sources */,
				BE65907A2063DF020026BEBC /* Quote.m in Sources */,
				BE7E772C206546E400091E5A /* TableViewController.m in Sources */,
				BE04214F2062854900A95614 /* AppDelegate.m in Sources */,
				BE0403E42069205000FA09A2 /* QuoteViewController.m in Sources */,
				BE7E772F20654D4E00091E5A /* QuotesViewCell.m in Sources */,
				BEF8B0CA206A688300E6EE45 /* AuthorViewController.m in Sources */,
			);
			runOnlyForDeploymentPostprocessing = 0;
		};
/* End PBXSourcesBuildPhase section */

/* Begin PBXVariantGroup section */
		BE0421532062854900A95614 /* Main.storyboard */ = {
			isa = PBXVariantGroup;
			children = (
				BE0421542062854900A95614 /* Base */,
			);
			name = Main.storyboard;
			sourceTree = "<group>";
		};
		BE0421582062854900A95614 /* LaunchScreen.storyboard */ = {
			isa = PBXVariantGroup;
			children = (
				BE0421592062854900A95614 /* Base */,
			);
			name = LaunchScreen.storyboard;
			sourceTree = "<group>";
		};
/* End PBXVariantGroup section */

/* Begin XCBuildConfiguration section */
		BE04215E2062854900A95614 /* Debug */ = {
			isa = XCBuildConfiguration;
			buildSettings = {
				ALWAYS_SEARCH_USER_PATHS = NO;
				CLANG_ANALYZER_NONNULL = YES;
				CLANG_ANALYZER_NUMBER_OBJECT_CONVERSION = YES_AGGRESSIVE;
				CLANG_CXX_LANGUAGE_STANDARD = "gnu++14";
				CLANG_CXX_LIBRARY = "libc++";
				CLANG_ENABLE_MODULES = YES;
				CLANG_ENABLE_OBJC_ARC = YES;
				CLANG_WARN_BLOCK_CAPTURE_AUTORELEASING = YES;
				CLANG_WARN_BOOL_CONVERSION = YES;
				CLANG_WARN_COMMA = YES;
				CLANG_WARN_CONSTANT_CONVERSION = YES;
				CLANG_WARN_DIRECT_OBJC_ISA_USAGE = YES_ERROR;
				CLANG_WARN_DOCUMENTATION_COMMENTS = YES;
				CLANG_WARN_EMPTY_BODY = YES;
				CLANG_WARN_ENUM_CONVERSION = YES;
				CLANG_WARN_INFINITE_RECURSION = YES;
				CLANG_WARN_INT_CONVERSION = YES;
				CLANG_WARN_NON_LITERAL_NULL_CONVERSION = YES;
				CLANG_WARN_OBJC_LITERAL_CONVERSION = YES;
				CLANG_WARN_OBJC_ROOT_CLASS = YES_ERROR;
				CLANG_WARN_RANGE_LOOP_ANALYSIS = YES;
				CLANG_WARN_STRICT_PROTOTYPES = YES;
				CLANG_WARN_SUSPICIOUS_MOVE = YES;
				CLANG_WARN_UNGUARDED_AVAILABILITY = YES_AGGRESSIVE;
				CLANG_WARN_UNREACHABLE_CODE = YES;
				CLANG_WARN__DUPLICATE_METHOD_MATCH = YES;
				CODE_SIGN_IDENTITY = "iPhone Developer";
				COPY_PHASE_STRIP = NO;
				DEBUG_INFORMATION_FORMAT = dwarf;
				ENABLE_STRICT_OBJC_MSGSEND = YES;
				ENABLE_TESTABILITY = YES;
				GCC_C_LANGUAGE_STANDARD = gnu11;
				GCC_DYNAMIC_NO_PIC = NO;
				GCC_NO_COMMON_BLOCKS = YES;
				GCC_OPTIMIZATION_LEVEL = 0;
				GCC_PREPROCESSOR_DEFINITIONS = (
					"DEBUG=1",
					"$(inherited)",
				);
				GCC_WARN_64_TO_32_BIT_CONVERSION = YES;
				GCC_WARN_ABOUT_RETURN_TYPE = YES_ERROR;
				GCC_WARN_UNDECLARED_SELECTOR = YES;
				GCC_WARN_UNINITIALIZED_AUTOS = YES_AGGRESSIVE;
				GCC_WARN_UNUSED_FUNCTION = YES;
				GCC_WARN_UNUSED_VARIABLE = YES;
				IPHONEOS_DEPLOYMENT_TARGET = 11.2;
				MTL_ENABLE_DEBUG_INFO = YES;
				ONLY_ACTIVE_ARCH = YES;
				SDKROOT = iphoneos;
			};
			name = Debug;
		};
		BE04215F2062854900A95614 /* Release */ = {
			isa = XCBuildConfiguration;
			buildSettings = {
				ALWAYS_SEARCH_USER_PATHS = NO;
				CLANG_ANALYZER_NONNULL = YES;
				CLANG_ANALYZER_NUMBER_OBJECT_CONVERSION = YES_AGGRESSIVE;
				CLANG_CXX_LANGUAGE_STANDARD = "gnu++14";
				CLANG_CXX_LIBRARY = "libc++";
				CLANG_ENABLE_MODULES = YES;
				CLANG_ENABLE_OBJC_ARC = YES;
				CLANG_WARN_BLOCK_CAPTURE_AUTORELEASING = YES;
				CLANG_WARN_BOOL_CONVERSION = YES;
				CLANG_WARN_COMMA = YES;
				CLANG_WARN_CONSTANT_CONVERSION = YES;
				CLANG_WARN_DIRECT_OBJC_ISA_USAGE = YES_ERROR;
				CLANG_WARN_DOCUMENTATION_COMMENTS = YES;
				CLANG_WARN_EMPTY_BODY = YES;
				CLANG_WARN_ENUM_CONVERSION = YES;
				CLANG_WARN_INFINITE_RECURSION = YES;
				CLANG_WARN_INT_CONVERSION = YES;
				CLANG_WARN_NON_LITERAL_NULL_CONVERSION = YES;
				CLANG_WARN_OBJC_LITERAL_CONVERSION = YES;
				CLANG_WARN_OBJC_ROOT_CLASS = YES_ERROR;
				CLANG_WARN_RANGE_LOOP_ANALYSIS = YES;
				CLANG_WARN_STRICT_PROTOTYPES = YES;
				CLANG_WARN_SUSPICIOUS_MOVE = YES;
				CLANG_WARN_UNGUARDED_AVAILABILITY = YES_AGGRESSIVE;
				CLANG_WARN_UNREACHABLE_CODE = YES;
				CLANG_WARN__DUPLICATE_METHOD_MATCH = YES;
				CODE_SIGN_IDENTITY = "iPhone Developer";
				COPY_PHASE_STRIP = NO;
				DEBUG_INFORMATION_FORMAT = "dwarf-with-dsym";
				ENABLE_NS_ASSERTIONS = NO;
				ENABLE_STRICT_OBJC_MSGSEND = YES;
				GCC_C_LANGUAGE_STANDARD = gnu11;
				GCC_NO_COMMON_BLOCKS = YES;
				GCC_WARN_64_TO_32_BIT_CONVERSION = YES;
				GCC_WARN_ABOUT_RETURN_TYPE = YES_ERROR;
				GCC_WARN_UNDECLARED_SELECTOR = YES;
				GCC_WARN_UNINITIALIZED_AUTOS = YES_AGGRESSIVE;
				GCC_WARN_UNUSED_FUNCTION = YES;
				GCC_WARN_UNUSED_VARIABLE = YES;
				IPHONEOS_DEPLOYMENT_TARGET = 11.2;
				MTL_ENABLE_DEBUG_INFO = NO;
				SDKROOT = iphoneos;
				VALIDATE_PRODUCT = YES;
			};
			name = Release;
		};
		BE0421612062854900A95614 /* Debug */ = {
			isa = XCBuildConfiguration;
			buildSettings = {
				ASSETCATALOG_COMPILER_APPICON_NAME = AppIcon;
				ASSETCATALOG_COMPILER_LAUNCHIMAGE_NAME = LaunchImage;
				CODE_SIGN_STYLE = Automatic;
				DEVELOPMENT_TEAM = 4YUW7D4357;
				INFOPLIST_FILE = GoodQuote/Info.plist;
				LD_RUNPATH_SEARCH_PATHS = "$(inherited) @executable_path/Frameworks";
				PRODUCT_BUNDLE_IDENTIFIER = br.com.academy.GoodQuote;
				PRODUCT_NAME = "$(TARGET_NAME)";
				TARGETED_DEVICE_FAMILY = "1,2";
			};
			name = Debug;
		};
		BE0421622062854900A95614 /* Release */ = {
			isa = XCBuildConfiguration;
			buildSettings = {
				ASSETCATALOG_COMPILER_APPICON_NAME = AppIcon;
				ASSETCATALOG_COMPILER_LAUNCHIMAGE_NAME = LaunchImage;
				CODE_SIGN_STYLE = Automatic;
				DEVELOPMENT_TEAM = 4YUW7D4357;
				INFOPLIST_FILE = GoodQuote/Info.plist;
				LD_RUNPATH_SEARCH_PATHS = "$(inherited) @executable_path/Frameworks";
				PRODUCT_BUNDLE_IDENTIFIER = br.com.academy.GoodQuote;
				PRODUCT_NAME = "$(TARGET_NAME)";
				TARGETED_DEVICE_FAMILY = "1,2";
			};
			name = Release;
		};
/* End XCBuildConfiguration section */

/* Begin XCConfigurationList section */
		BE0421452062854900A95614 /* Build configuration list for PBXProject "GoodQuote" */ = {
			isa = XCConfigurationList;
			buildConfigurations = (
				BE04215E2062854900A95614 /* Debug */,
				BE04215F2062854900A95614 /* Release */,
			);
			defaultConfigurationIsVisible = 0;
			defaultConfigurationName = Release;
		};
		BE0421602062854900A95614 /* Build configuration list for PBXNativeTarget "GoodQuote" */ = {
			isa = XCConfigurationList;
			buildConfigurations = (
				BE0421612062854900A95614 /* Debug */,
				BE0421622062854900A95614 /* Release */,
			);
			defaultConfigurationIsVisible = 0;
			defaultConfigurationName = Release;
		};
/* End XCConfigurationList section */
	};
	rootObject = BE0421422062854900A95614 /* Project object */;
}
